
Microsoft Visual Studio Solution File, Format Version 12.00
# Visual Studio 2013
VisualStudioVersion = 12.0.21005.1
MinimumVisualStudioVersion = 10.0.40219.1
Project("{FAE04EC0-301F-11D3-BF4B-00C04F79EFBC}") = "TheBowlingGameKata", "TheBowlingGameKata\TheBowlingGameKata.csproj", "{8D1473FA-D2D8-4DD5-923E-57D7AE65A276}"
EndProject
Global
	GlobalSection(SolutionConfigurationPlatforms) = preSolution
		Debug|Any CPU = Debug|Any CPU
		Release|Any CPU = Release|Any CPU
	EndGlobalSection
	GlobalSection(ProjectConfigurationPlatforms) = postSolution
		{8D1473FA-D2D8-4DD5-923E-57D7AE65A276}.Debug|Any CPU.ActiveCfg = Debug|Any CPU
		{8D1473FA-D2D8-4DD5-923E-57D7AE65A276}.Debug|Any CPU.Build.0 = Debug|Any CPU
		{8D1473FA-D2D8-4DD5-923E-57D7AE65A276}.Release|Any CPU.ActiveCfg = Release|Any CPU
		{8D1473FA-D2D8-4DD5-923E-57D7AE65A276}.Release|Any CPU.Build.0 = Release|Any CPU
	EndGlobalSection
	GlobalSection(SolutionProperties) = preSolution
		HideSolutionNode = FALSE
	EndGlobalSection
EndGlobal
